
Microsoft Visual Studio Solution File, Format Version 12.00
# Visual Studio Version 17
VisualStudioVersion = 17.11.35327.3
MinimumVisualStudioVersion = 10.0.40219.1
Project("{FAE04EC0-301F-11D3-BF4B-00C04F79EFBC}") = "ModelBinding", "ModelBinding\ModelBinding.csproj", "{F6C79DFA-1668-4EFA-9C30-89FE4654E071}"
EndProject
Global
	GlobalSection(SolutionConfigurationPlatforms) = preSolution
		Debug|Any CPU = Debug|Any CPU
		Release|Any CPU = Release|Any CPU
	EndGlobalSection
	GlobalSection(ProjectConfigurationPlatforms) = postSolution
		{F6C79DFA-1668-4EFA-9C30-89FE4654E071}.Debug|Any CPU.ActiveCfg = Debug|Any CPU
		{F6C79DFA-1668-4EFA-9C30-89FE4654E071}.Debug|Any CPU.Build.0 = Debug|Any CPU
		{F6C79DFA-1668-4EFA-9C30-89FE4654E071}.Release|Any CPU.ActiveCfg = Release|Any CPU
		{F6C79DFA-1668-4EFA-9C30-89FE4654E071}.Release|Any CPU.Build.0 = Release|Any CPU
	EndGlobalSection
	GlobalSection(SolutionProperties) = preSolution
		HideSolutionNode = FALSE
	EndGlobalSection
	GlobalSection(ExtensibilityGlobals) = postSolution
		SolutionGuid = {8226CA02-D349-46A1-8386-F30E17D0732E}
	EndGlobalSection
EndGlobal
