
Microsoft Visual Studio Solution File, Format Version 12.00
# Visual Studio Version 17
VisualStudioVersion = 17.11.35327.3
MinimumVisualStudioVersion = 10.0.40219.1
Project("{FAE04EC0-301F-11D3-BF4B-00C04F79EFBC}") = "MiddlewareAndRoutes", "MiddlewareAndRoutes\MiddlewareAndRoutes.csproj", "{5FF6E3E5-BC81-4639-8591-33ABDEF8EA71}"
EndProject
Global
	GlobalSection(SolutionConfigurationPlatforms) = preSolution
		Debug|Any CPU = Debug|Any CPU
		Release|Any CPU = Release|Any CPU
	EndGlobalSection
	GlobalSection(ProjectConfigurationPlatforms) = postSolution
		{5FF6E3E5-BC81-4639-8591-33ABDEF8EA71}.Debug|Any CPU.ActiveCfg = Debug|Any CPU
		{5FF6E3E5-BC81-4639-8591-33ABDEF8EA71}.Debug|Any CPU.Build.0 = Debug|Any CPU
		{5FF6E3E5-BC81-4639-8591-33ABDEF8EA71}.Release|Any CPU.ActiveCfg = Release|Any CPU
		{5FF6E3E5-BC81-4639-8591-33ABDEF8EA71}.Release|Any CPU.Build.0 = Release|Any CPU
	EndGlobalSection
	GlobalSection(SolutionProperties) = preSolution
		HideSolutionNode = FALSE
	EndGlobalSection
	GlobalSection(ExtensibilityGlobals) = postSolution
		SolutionGuid = {21DF3A39-C7F4-44A3-9D7B-E50C23E5F3D7}
	EndGlobalSection
EndGlobal
